<?xml version="1.0" encoding="utf-8"?>
<Project ToolsVersion="4.0" xmlns="http://schemas.microsoft.com/developer/msbuild/2003">
  <ItemGroup>
    <Filter Include="Source Files">
      <UniqueIdentifier>{4FCDB2CB-EB78-481e-96D7-978DE08BBCC7}</UniqueIdentifier>
      <Extensions>cpp;c;cc;cxx;def;odl;idl;hpj;bat;asm;asmx</Extensions>
    </Filter>
    <Filter Include="Header Files">
      <UniqueIdentifier>{601D8D16-FDED-4c47-B39B-4994A616452E}</UniqueIdentifier>
      <Extensions>h;hpp;hxx;hm;inl;inc;xsd</Extensions>
    </Filter>
    <Filter Include="Resource Files">
      <UniqueIdentifier>{BA9B0541-B9D6-44f6-B4B4-E4C2DDDC808F}</UniqueIdentifier>
      <Extensions>rc;ico;cur;bmp;dlg;rc2;rct;bin;rgs;gif;jpg;jpeg;jpe;resx;tiff;tif;png;wav</Extensions>
    </Filter>
  </ItemGroup>
  <ItemGroup>
    <ClCompile Include="GdiBitmapBufferedContext.cpp">
      <Filter>Source Files</Filter>
    </ClCompile>
    <ClCompile Include="GdiContext.cpp">
      <Filter>Source Files</Filter>
    </ClCompile>
    <ClCompile Include="GdiContextBase.cpp">
      <Filter>Source Files</Filter>
    </ClCompile>
    <ClCompile Include="GdiplusBitmapBufferedContext.cpp">
      <Filter>Source Files</Filter>
    </ClCompile>
    <ClCompile Include="GdiplusContext.cpp">
      <Filter>Source Files</Filter>
    </ClCompile>
    <ClCompile Include="GdiplusContextBase.cpp">
      <Filter>Source Files</Filter>
    </ClCompile>
    <ClCompile Include="GdiPrintContext.cpp">
      <Filter>Source Files</Filter>
    </ClCompile>
    <ClCompile Include="GdiRubberBand.cpp">
      <Filter>Source Files</Filter>
    </ClCompile>
    <ClCompile Include="WglBitmapBufferedContext.cpp">
      <Filter>Source Files</Filter>
    </ClCompile>
    <ClCompile Include="WglContextBase.cpp">
      <Filter>Source Files</Filter>
    </ClCompile>
    <ClCompile Include="WglDoubleBufferedContext.cpp">
      <Filter>Source Files</Filter>
    </ClCompile>
    <ClCompile Include="WglFont.cpp">
      <Filter>Source Files</Filter>
    </ClCompile>
    <ClCompile Include="WglPrintContext.cpp">
      <Filter>Source Files</Filter>
    </ClCompile>
    <ClCompile Include="WglViewBase.cpp">
      <Filter>Source Files</Filter>
    </ClCompile>
    <ClCompile Include="WglViewCaptureApi.cpp">
      <Filter>Source Files</Filter>
    </ClCompile>
    <ClCompile Include="WglViewPrintApi.cpp">
      <Filter>Source Files</Filter>
    </ClCompile>
    <ClCompile Include="WinClipboardApi.cpp">
      <Filter>Source Files</Filter>
    </ClCompile>
    <ClCompile Include="WinViewBase.cpp">
      <Filter>Source Files</Filter>
    </ClCompile>
    <ClCompile Include="WinViewCaptureApi.cpp">
      <Filter>Source Files</Filter>
    </ClCompile>
    <ClCompile Include="WinViewPrintApi.cpp">
      <Filter>Source Files</Filter>
    </ClCompile>
  </ItemGroup>
  <ItemGroup>
    <ClInclude Include="..\..\include\swl\winview\ExportWinView.h">
      <Filter>Header Files</Filter>
    </ClInclude>
    <ClInclude Include="..\..\include\swl\winview\GdiBitmapBufferedContext.h">
      <Filter>Header Files</Filter>
    </ClInclude>
    <ClInclude Include="..\..\include\swl\winview\GdiContext.h">
      <Filter>Header Files</Filter>
    </ClInclude>
    <ClInclude Include="..\..\include\swl\winview\GdiContextBase.h">
      <Filter>Header Files</Filter>
    </ClInclude>
    <ClInclude Include="..\..\include\swl\winview\GdiplusBitmapBufferedContext.h">
      <Filter>Header Files</Filter>
    </ClInclude>
    <ClInclude Include="..\..\include\swl\winview\GdiplusContext.h">
      <Filter>Header Files</Filter>
    </ClInclude>
    <ClInclude Include="..\..\include\swl\winview\GdiplusContextBase.h">
      <Filter>Header Files</Filter>
    </ClInclude>
    <ClInclude Include="..\..\include\swl\winview\GdiPrintContext.h">
      <Filter>Header Files</Filter>
    </ClInclude>
    <ClInclude Include="..\..\include\swl\winview\GdiRubberBand.h">
      <Filter>Header Files</Filter>
    </ClInclude>
    <ClInclude Include="..\..\include\swl\winview\WglBitmapBufferedContext.h">
      <Filter>Header Files</Filter>
    </ClInclude>
    <ClInclude Include="..\..\include\swl\winview\WglContextBase.h">
      <Filter>Header Files</Filter>
    </ClInclude>
    <ClInclude Include="..\..\include\swl\winview\WglDoubleBufferedContext.h">
      <Filter>Header Files</Filter>
    </ClInclude>
    <ClInclude Include="..\..\include\swl\winview\WglFont.h">
      <Filter>Header Files</Filter>
    </ClInclude>
    <ClInclude Include="..\..\include\swl\winview\WglPrintContext.h">
      <Filter>Header Files</Filter>
    </ClInclude>
    <ClInclude Include="..\..\include\swl\winview\WglViewBase.h">
      <Filter>Header Files</Filter>
    </ClInclude>
    <ClInclude Include="..\..\include\swl\winview\WglViewCaptureApi.h">
      <Filter>Header Files</Filter>
    </ClInclude>
    <ClInclude Include="..\..\include\swl\winview\WglViewPrintApi.h">
      <Filter>Header Files</Filter>
    </ClInclude>
    <ClInclude Include="..\..\include\swl\winview\WinClipboardApi.h">
      <Filter>Header Files</Filter>
    </ClInclude>
    <ClInclude Include="..\..\include\swl\winview\WinViewBase.h">
      <Filter>Header Files</Filter>
    </ClInclude>
    <ClInclude Include="..\..\include\swl\winview\WinViewCaptureApi.h">
      <Filter>Header Files</Filter>
    </ClInclude>
    <ClInclude Include="..\..\include\swl\winview\WinViewPrintApi.h">
      <Filter>Header Files</Filter>
    </ClInclude>
  </ItemGroup>
</Project>