<?xml version="1.0" encoding="utf-8"?>
<Project ToolsVersion="4.0" xmlns="http://schemas.microsoft.com/developer/msbuild/2003">
  <ItemGroup>
    <ClInclude Include="..\testcase\util\EchoTcpSocketConnection.h">
      <Filter>Source Files\testcase\util</Filter>
    </ClInclude>
    <ClInclude Include="..\testcase\util\EchoTcpSocketSession.h">
      <Filter>Source Files\testcase\util</Filter>
    </ClInclude>
    <ClInclude Include="..\UnitTestConfig.h">
      <Filter>Header Files</Filter>
    </ClInclude>
  </ItemGroup>
  <ItemGroup>
    <Filter Include="Source Files">
      <UniqueIdentifier>{5b700142-8952-4a07-ac12-a88861e3b429}</UniqueIdentifier>
      <Extensions>cpp;c;cc;cxx;def;odl;idl;hpj;bat;asm;asmx</Extensions>
    </Filter>
    <Filter Include="Resource Files">
      <UniqueIdentifier>{627c0a5d-b866-469e-9229-9067a232e306}</UniqueIdentifier>
      <Extensions>rc;ico;cur;bmp;dlg;rc2;rct;bin;rgs;gif;jpg;jpeg;jpe;resx;tiff;tif;png;wav</Extensions>
    </Filter>
    <Filter Include="Header Files">
      <UniqueIdentifier>{17c4fb40-9659-44cc-86f9-95a28764c722}</UniqueIdentifier>
      <Extensions>h;hpp;hxx;hm;inl;inc;xsd</Extensions>
    </Filter>
    <Filter Include="Source Files\testcase">
      <UniqueIdentifier>{d8d3f0ee-22f0-4dfe-aa0c-bc263126f306}</UniqueIdentifier>
    </Filter>
    <Filter Include="Source Files\testcase\util">
      <UniqueIdentifier>{14dae92d-f85f-431c-8de3-4751a15cf27e}</UniqueIdentifier>
    </Filter>
    <Filter Include="Source Files\testcase\math">
      <UniqueIdentifier>{5ddb9458-b51b-4e77-9fa0-3ab224380815}</UniqueIdentifier>
    </Filter>
    <Filter Include="Source Files\testcase\base">
      <UniqueIdentifier>{236b6459-2301-4000-b130-5d7db0d6bb09}</UniqueIdentifier>
    </Filter>
    <Filter Include="Source Files\testcase\graphics">
      <UniqueIdentifier>{6905206a-4abd-4667-a280-f4caa0109610}</UniqueIdentifier>
    </Filter>
    <Filter Include="Source Files\testcase\kinematics">
      <UniqueIdentifier>{665ab0a1-37da-4125-9c61-4c28e7342f0e}</UniqueIdentifier>
    </Filter>
    <Filter Include="Source Files\testcase\machine_learning">
      <UniqueIdentifier>{6d44c016-ffd6-46f7-997b-61228ee8d2c9}</UniqueIdentifier>
    </Filter>
    <Filter Include="Source Files\testcase\machine_vision">
      <UniqueIdentifier>{14b85255-3041-4411-9a34-e214fda0d313}</UniqueIdentifier>
    </Filter>
    <Filter Include="Source Files\testcase\rnd_util">
      <UniqueIdentifier>{f05294ca-27d9-4a21-9ab0-9c2bbf2d177d}</UniqueIdentifier>
    </Filter>
    <Filter Include="Source Files\testcase\winutil">
      <UniqueIdentifier>{aa9f463f-5b3b-4e9f-b444-8a156a1a6e29}</UniqueIdentifier>
    </Filter>
  </ItemGroup>
  <ItemGroup>
    <ClCompile Include="main.cpp">
      <Filter>Source Files</Filter>
    </ClCompile>
    <ClCompile Include="..\testcase\util\EchoTcpSocketConnection.cpp">
      <Filter>Source Files\testcase\util</Filter>
    </ClCompile>
    <ClCompile Include="..\testcase\util\EchoTcpSocketServerTest.cpp">
      <Filter>Source Files\testcase\util</Filter>
    </ClCompile>
    <ClCompile Include="..\testcase\util\EchoTcpSocketSession.cpp">
      <Filter>Source Files\testcase\util</Filter>
    </ClCompile>
    <ClCompile Include="..\testcase\util\EchoTcpSocketTest.cpp">
      <Filter>Source Files\testcase\util</Filter>
    </ClCompile>
    <ClCompile Include="..\testcase\util\LineROITest.cpp">
      <Filter>Source Files\testcase\util</Filter>
    </ClCompile>
    <ClCompile Include="..\testcase\util\PolygonROITest.cpp">
      <Filter>Source Files\testcase\util</Filter>
    </ClCompile>
    <ClCompile Include="..\testcase\util\PolylineROITest.cpp">
      <Filter>Source Files\testcase\util</Filter>
    </ClCompile>
    <ClCompile Include="..\testcase\util\RectangleROITest.cpp">
      <Filter>Source Files\testcase\util</Filter>
    </ClCompile>
    <ClCompile Include="..\testcase\util\RegionOfInterestMgrTest.cpp">
      <Filter>Source Files\testcase\util</Filter>
    </ClCompile>
    <ClCompile Include="..\testcase\util\RegionOfInterestTest.cpp">
      <Filter>Source Files\testcase\util</Filter>
    </ClCompile>
    <ClCompile Include="..\testcase\util\ROIWithVariablePointsTest.cpp">
      <Filter>Source Files\testcase\util</Filter>
    </ClCompile>
    <ClCompile Include="..\testcase\math\BaseFieldConversionTest.cpp">
      <Filter>Source Files\testcase\math</Filter>
    </ClCompile>
    <ClCompile Include="..\testcase\math\LineSegmentTest.cpp">
      <Filter>Source Files\testcase\math</Filter>
    </ClCompile>
    <ClCompile Include="..\testcase\math\LineTest.cpp">
      <Filter>Source Files\testcase\math</Filter>
    </ClCompile>
    <ClCompile Include="..\testcase\math\PlaneTest.cpp">
      <Filter>Source Files\testcase\math</Filter>
    </ClCompile>
    <ClCompile Include="..\testcase\math\TriangleTest.cpp">
      <Filter>Source Files\testcase\math</Filter>
    </ClCompile>
    <ClCompile Include="..\testcase\base\LoggerTest.cpp">
      <Filter>Source Files\testcase\base</Filter>
    </ClCompile>
    <ClCompile Include="..\testcase\math\DataNormalizationTest.cpp">
      <Filter>Source Files\testcase\math</Filter>
    </ClCompile>
    <ClCompile Include="..\testcase\math\StatisticTest.cpp">
      <Filter>Source Files\testcase\math</Filter>
    </ClCompile>
  </ItemGroup>
</Project>