<?xml version="1.0" encoding="UTF-8" standalone="yes" ?>
<CodeBlocks_project_file>
	<FileVersion major="1" minor="6" />
	<Project>
		<Option title="tcp_socket_server_test" />
		<Option pch_mode="2" />
		<Option compiler="gcc" />
		<Build>
			<Target title="Debug">
				<Option output="..\..\bin\Debug\tcp_socket_server_test" prefix_auto="1" extension_auto="1" />
				<Option working_dir="..\..\bin\Debug\" />
				<Option object_output=".\Debug\" />
				<Option type="1" />
				<Option compiler="gcc" />
				<Compiler>
					<Add option="-g" />
				</Compiler>
			</Target>
			<Target title="Release">
				<Option output="..\..\bin\Release\tcp_socket_server_test" prefix_auto="1" extension_auto="1" />
				<Option working_dir="..\..\bin\Release\" />
				<Option object_output=".\Release\" />
				<Option type="1" />
				<Option compiler="gcc" />
				<Compiler>
					<Add option="-O2" />
				</Compiler>
				<Linker>
					<Add option="-s" />
				</Linker>
			</Target>
		</Build>
		<Compiler>
			<Add option="-Wall" />
			<Add option="-fexceptions" />
		</Compiler>
		<Unit filename="EchoTcpSocketConnection.cpp" />
		<Unit filename="EchoTcpSocketConnection.h" />
		<Unit filename="EchoTcpSocketSession.cpp" />
		<Unit filename="EchoTcpSocketSession.h" />
		<Unit filename="TcpSocketServerTest.cpp" />
		<Extensions>
			<code_completion />
			<debugger />
		</Extensions>
	</Project>
</CodeBlocks_project_file>
