<?xml version="1.0" encoding="UTF-8" standalone="yes" ?>
<CodeBlocks_project_file>
	<FileVersion major="1" minor="6" />
	<Project>
		<Option title="swl_unit_test" />
		<Option pch_mode="2" />
		<Option compiler="gcc" />
		<Build>
			<Target title="Debug">
				<Option output="../../bin/swl_unit_test_d" prefix_auto="1" extension_auto="1" />
				<Option working_dir="../../bin/" />
				<Option object_output="obj/Debug/" />
				<Option type="1" />
				<Option compiler="gcc" />
				<Compiler>
					<Add option="-g" />
				</Compiler>
				<Linker>
					<Add library="swl_rnd_util_d" />
					<Add library="swl_util_d" />
					<Add library="swl_math_d" />
					<Add library="swl_base_d" />
				</Linker>
			</Target>
			<Target title="Release">
				<Option output="../../bin/swl_unit_test" prefix_auto="1" extension_auto="1" />
				<Option working_dir="../../bin" />
				<Option object_output="obj/Release/" />
				<Option type="1" />
				<Option compiler="gcc" />
				<Compiler>
					<Add option="-O2" />
				</Compiler>
				<Linker>
					<Add option="-s" />
					<Add library="swl_rnd_util" />
					<Add library="swl_util" />
					<Add library="swl_math" />
					<Add library="swl_base" />
				</Linker>
			</Target>
		</Build>
		<Compiler>
			<Add option="-Wall" />
			<Add option="-std=c++11" />
			<Add option="-fexceptions" />
			<Add option="-D__SWL_UNIT_TEST__USE_GOOGLE_TEST" />
			<Add directory="../../inc" />
			<Add directory="/usr/local/include" />
			<Add directory="/usr/include/eigen3" />
		</Compiler>
		<Linker>
			<Add library="gtest" />
			<Add library="boost_thread" />
			<Add library="boost_system" />
			<Add library="pthread" />
			<Add directory="../../lib" />
			<Add directory="/usr/local/lib" />
		</Linker>
		<Unit filename="../UnitTestConfig.h" />
		<Unit filename="../testcase/base/LogTest.cpp" />
		<Unit filename="../testcase/math/BaseFieldConversionTest.cpp" />
		<Unit filename="../testcase/math/CurveFittingTest.cpp" />
		<Unit filename="../testcase/math/DataNormalizationTest.cpp" />
		<Unit filename="../testcase/math/GeometryUtilTest.cpp" />
		<Unit filename="../testcase/math/LineSegmentTest.cpp" />
		<Unit filename="../testcase/math/LineTest.cpp" />
		<Unit filename="../testcase/math/MathUtilTest.cpp" />
		<Unit filename="../testcase/math/PlaneTest.cpp" />
		<Unit filename="../testcase/math/StatisticTest.cpp" />
		<Unit filename="../testcase/math/TriangleTest.cpp" />
		<Unit filename="../testcase/rnd_util/SortTest.cpp" />
		<Unit filename="../testcase/util/EchoTcpSocketConnection.cpp" />
		<Unit filename="../testcase/util/EchoTcpSocketConnection.h" />
		<Unit filename="../testcase/util/EchoTcpSocketServerTest.cpp">
			<Option compile="0" />
			<Option link="0" />
		</Unit>
		<Unit filename="../testcase/util/EchoTcpSocketSession.cpp" />
		<Unit filename="../testcase/util/EchoTcpSocketSession.h" />
		<Unit filename="../testcase/util/EchoTcpSocketTest.cpp">
			<Option compile="0" />
			<Option link="0" />
		</Unit>
		<Unit filename="../testcase/util/LineROITest.cpp" />
		<Unit filename="../testcase/util/PolygonROITest.cpp" />
		<Unit filename="../testcase/util/PolylineROITest.cpp" />
		<Unit filename="../testcase/util/ROIWithVariablePointsTest.cpp" />
		<Unit filename="../testcase/util/RectangleROITest.cpp" />
		<Unit filename="../testcase/util/RegionOfInterestMgrTest.cpp" />
		<Unit filename="../testcase/util/RegionOfInterestTest.cpp" />
		<Unit filename="Debug/TextUiUnitTestMain.cpp.o.d" />
		<Unit filename="Debug/base_LogTest.cpp.o.d" />
		<Unit filename="Debug/math_BaseFieldConversionTest.cpp.o.d" />
		<Unit filename="Debug/math_CurveFittingTest.cpp.o.d" />
		<Unit filename="Debug/math_DataNormalizationTest.cpp.o.d" />
		<Unit filename="Debug/math_GeometryUtilTest.cpp.o.d" />
		<Unit filename="Debug/math_LineSegmentTest.cpp.o.d" />
		<Unit filename="Debug/math_LineTest.cpp.o.d" />
		<Unit filename="Debug/math_MathUtilTest.cpp.o.d" />
		<Unit filename="Debug/math_PlaneTest.cpp.o.d" />
		<Unit filename="Debug/math_StatisticTest.cpp.o.d" />
		<Unit filename="Debug/math_TriangleTest.cpp.o.d" />
		<Unit filename="Debug/rnd_util_SortTest.cpp.o.d" />
		<Unit filename="Debug/util_EchoTcpSocketConnection.cpp.o.d" />
		<Unit filename="Debug/util_EchoTcpSocketServerTest.cpp.o.d" />
		<Unit filename="Debug/util_EchoTcpSocketSession.cpp.o.d" />
		<Unit filename="Debug/util_EchoTcpSocketTest.cpp.o.d" />
		<Unit filename="Debug/util_LineROITest.cpp.o.d" />
		<Unit filename="Debug/util_PolygonROITest.cpp.o.d" />
		<Unit filename="Debug/util_PolylineROITest.cpp.o.d" />
		<Unit filename="Debug/util_ROIWithVariablePointsTest.cpp.o.d" />
		<Unit filename="Debug/util_RectangleROITest.cpp.o.d" />
		<Unit filename="Debug/util_RegionOfInterestMgrTest.cpp.o.d" />
		<Unit filename="Debug/util_RegionOfInterestTest.cpp.o.d" />
		<Unit filename="TextUiUnitTestMain.cpp" />
		<Extensions>
			<code_completion />
			<debugger />
			<envvars />
		</Extensions>
	</Project>
</CodeBlocks_project_file>
