<?xml version="1.0" encoding="UTF-8" standalone="yes" ?>
<CodeBlocks_project_file>
	<FileVersion major="1" minor="6" />
	<Project>
		<Option title="swl_machine_learning_test" />
		<Option pch_mode="2" />
		<Option compiler="gcc" />
		<Build>
			<Target title="Debug">
				<Option output="../../bin/Debug/swl_machine_learning_test" prefix_auto="1" extension_auto="1" />
				<Option working_dir="../../bin/Debug/" />
				<Option object_output="./Debug/" />
				<Option type="1" />
				<Option compiler="gcc" />
				<Compiler>
					<Add option="-g" />
				</Compiler>
				<Linker>
					<Add directory="../../bin/Debug/" />
				</Linker>
			</Target>
			<Target title="Release">
				<Option output="../../bin/Release/swl_machine_learning_test" prefix_auto="1" extension_auto="1" />
				<Option working_dir="../../bin/Release/" />
				<Option object_output="./Release/" />
				<Option type="1" />
				<Option compiler="gcc" />
				<Compiler>
					<Add option="-O2" />
				</Compiler>
				<Linker>
					<Add option="-s" />
					<Add directory="../../bin/Release/" />
				</Linker>
			</Target>
		</Build>
		<Compiler>
			<Add option="-Wall" />
			<Add option="-fexceptions" />
			<Add directory="../../inc/" />
		</Compiler>
		<Linker>
			<Add directory="../../bin/" />
		</Linker>
		<Unit filename="CliffWalkingSystem.cpp" />
		<Unit filename="CliffWalkingSystem.h" />
		<Unit filename="WindyGridWorldSystem.cpp" />
		<Unit filename="WindyGridWorldSystem.h" />
		<Unit filename="main.cpp" />
		<Unit filename="td_learning.cpp" />
		<Extensions>
			<code_completion />
			<debugger />
		</Extensions>
	</Project>
</CodeBlocks_project_file>
