<?xml version="1.0" encoding="utf-8"?>
<Project ToolsVersion="4.0" xmlns="http://schemas.microsoft.com/developer/msbuild/2003">
  <ItemGroup>
    <Filter Include="Source Files">
      <UniqueIdentifier>{4FC737F1-C7A5-4376-A066-2A32D752A2FF}</UniqueIdentifier>
      <Extensions>cpp;c;cc;cxx;def;odl;idl;hpj;bat;asm;asmx</Extensions>
    </Filter>
    <Filter Include="Header Files">
      <UniqueIdentifier>{93995380-89BD-4b04-88EB-625FBE52EBFB}</UniqueIdentifier>
      <Extensions>h;hpp;hxx;hm;inl;inc;xsd</Extensions>
    </Filter>
    <Filter Include="Resource Files">
      <UniqueIdentifier>{67DA6AB6-F800-4c08-8B7A-83BB121AAD01}</UniqueIdentifier>
      <Extensions>rc;ico;cur;bmp;dlg;rc2;rct;bin;rgs;gif;jpg;jpeg;jpe;resx;tiff;tif;png;wav</Extensions>
    </Filter>
  </ItemGroup>
  <ItemGroup>
    <ClCompile Include="ExtendedKalmanFilter.cpp">
      <Filter>Source Files</Filter>
    </ClCompile>
    <ClCompile Include="HoughTransform.cpp">
      <Filter>Source Files</Filter>
    </ClCompile>
    <ClCompile Include="KalmanFilter.cpp">
      <Filter>Source Files</Filter>
    </ClCompile>
    <ClCompile Include="MetropolisHastingsAlgorithm.cpp">
      <Filter>Source Files</Filter>
    </ClCompile>
    <ClCompile Include="Ransac.cpp">
      <Filter>Source Files</Filter>
    </ClCompile>
    <ClCompile Include="SamplingImportanceResampling.cpp">
      <Filter>Source Files</Filter>
    </ClCompile>
    <ClCompile Include="UnscentedKalmanFilter.cpp">
      <Filter>Source Files</Filter>
    </ClCompile>
    <ClCompile Include="UnscentedKalmanFilterWithAdditiveNoise.cpp">
      <Filter>Source Files</Filter>
    </ClCompile>
    <ClCompile Include="HistogramUitl.cpp">
      <Filter>Source Files</Filter>
    </ClCompile>
    <ClCompile Include="HistogramAccumulator.cpp">
      <Filter>Source Files</Filter>
    </ClCompile>
    <ClCompile Include="HistogramMatcher.cpp">
      <Filter>Source Files</Filter>
    </ClCompile>
    <ClCompile Include="HmmWithMultinomialObservations.cpp">
      <Filter>Source Files</Filter>
    </ClCompile>
    <ClCompile Include="CDHMM.cpp">
      <Filter>Source Files</Filter>
    </ClCompile>
    <ClCompile Include="DDHMM.cpp">
      <Filter>Source Files</Filter>
    </ClCompile>
    <ClCompile Include="HMM.cpp">
      <Filter>Source Files</Filter>
    </ClCompile>
    <ClCompile Include="HmmWithVonMisesFisherMixtureObservations.cpp">
      <Filter>Source Files</Filter>
    </ClCompile>
    <ClCompile Include="HmmWithVonMisesFisherObservations.cpp">
      <Filter>Source Files</Filter>
    </ClCompile>
    <ClCompile Include="HmmWithVonMisesMixtureObservations.cpp">
      <Filter>Source Files</Filter>
    </ClCompile>
    <ClCompile Include="HmmWithVonMisesObservations.cpp">
      <Filter>Source Files</Filter>
    </ClCompile>
    <ClCompile Include="HmmWithMultivariateNormalMixtureObservations.cpp">
      <Filter>Source Files</Filter>
    </ClCompile>
    <ClCompile Include="HmmWithMultivariateNormalObservations.cpp">
      <Filter>Source Files</Filter>
    </ClCompile>
    <ClCompile Include="HmmWithUnivariateNormalObservations.cpp">
      <Filter>Source Files</Filter>
    </ClCompile>
    <ClCompile Include="HmmWithUnivariateNormalMixtureObservations.cpp">
      <Filter>Source Files</Filter>
    </ClCompile>
    <ClCompile Include="RejectionSampling.cpp">
      <Filter>Source Files</Filter>
    </ClCompile>
    <ClCompile Include="RndUtilLocalApi.cpp">
      <Filter>Source Files</Filter>
    </ClCompile>
    <ClCompile Include="HmmSegmenter.cpp">
      <Filter>Source Files</Filter>
    </ClCompile>
    <ClCompile Include="MixtureModel.cpp">
      <Filter>Source Files</Filter>
    </ClCompile>
    <ClCompile Include="VonMisesMixtureModel.cpp">
      <Filter>Source Files</Filter>
    </ClCompile>
    <ClCompile Include="ContinuousDensityMixtureModel.cpp">
      <Filter>Source Files</Filter>
    </ClCompile>
    <ClCompile Include="UnivariateNormalMixtureModel.cpp">
      <Filter>Source Files</Filter>
    </ClCompile>
    <ClCompile Include="LambertWFunction.cpp">
      <Filter>Source Files</Filter>
    </ClCompile>
    <ClCompile Include="MultivariateNormalMixtureModel.cpp">
      <Filter>Source Files</Filter>
    </ClCompile>
    <ClCompile Include="ArHmmWithUnivariateNormalMixtureObservations.cpp">
      <Filter>Source Files</Filter>
    </ClCompile>
    <ClCompile Include="ArHmmWithUnivariateNormalObservations.cpp">
      <Filter>Source Files</Filter>
    </ClCompile>
    <ClCompile Include="CDHMMWithMixtureObservations.cpp">
      <Filter>Source Files</Filter>
    </ClCompile>
    <ClCompile Include="AutoRegression.cpp">
      <Filter>Source Files</Filter>
    </ClCompile>
    <ClCompile Include="ArHmmWithMultivariateNormalMixtureObservations.cpp">
      <Filter>Source Files</Filter>
    </ClCompile>
    <ClCompile Include="ArHmmWithMultivariateNormalObservations.cpp">
      <Filter>Source Files</Filter>
    </ClCompile>
  </ItemGroup>
  <ItemGroup>
    <ClInclude Include="..\..\inc\swl\rnd_util\ContinuousLinearStochasticSystem.h">
      <Filter>Header Files</Filter>
    </ClInclude>
    <ClInclude Include="..\..\inc\swl\rnd_util\ContinuousNonlinearStochasticSystem.h">
      <Filter>Header Files</Filter>
    </ClInclude>
    <ClInclude Include="..\..\inc\swl\rnd_util\DiscreteLinearStochasticSystem.h">
      <Filter>Header Files</Filter>
    </ClInclude>
    <ClInclude Include="..\..\inc\swl\rnd_util\DiscreteNonlinearStochasticSystem.h">
      <Filter>Header Files</Filter>
    </ClInclude>
    <ClInclude Include="..\..\inc\swl\rnd_util\ExportRndUtil.h">
      <Filter>Header Files</Filter>
    </ClInclude>
    <ClInclude Include="..\..\inc\swl\rnd_util\ExtendedKalmanFilter.h">
      <Filter>Header Files</Filter>
    </ClInclude>
    <ClInclude Include="..\..\inc\swl\rnd_util\HoughTransform.h">
      <Filter>Header Files</Filter>
    </ClInclude>
    <ClInclude Include="..\..\inc\swl\rnd_util\KalmanFilter.h">
      <Filter>Header Files</Filter>
    </ClInclude>
    <ClInclude Include="..\..\inc\swl\rnd_util\MetropolisHastingsAlgorithm.h">
      <Filter>Header Files</Filter>
    </ClInclude>
    <ClInclude Include="..\..\inc\swl\rnd_util\Ransac.h">
      <Filter>Header Files</Filter>
    </ClInclude>
    <ClInclude Include="..\..\inc\swl\rnd_util\SamplingImportanceResampling.h">
      <Filter>Header Files</Filter>
    </ClInclude>
    <ClInclude Include="..\..\inc\swl\rnd_util\UnscentedKalmanFilter.h">
      <Filter>Header Files</Filter>
    </ClInclude>
    <ClInclude Include="..\..\inc\swl\rnd_util\UnscentedKalmanFilterWithAdditiveNoise.h">
      <Filter>Header Files</Filter>
    </ClInclude>
    <ClInclude Include="..\..\inc\swl\rnd_util\HistogramAccumulator.h">
      <Filter>Header Files</Filter>
    </ClInclude>
    <ClInclude Include="..\..\inc\swl\rnd_util\HistogramMatcher.h">
      <Filter>Header Files</Filter>
    </ClInclude>
    <ClInclude Include="..\..\inc\swl\rnd_util\HistogramUtil.h">
      <Filter>Header Files</Filter>
    </ClInclude>
    <ClInclude Include="..\..\inc\swl\rnd_util\HmmWithMultinomialObservations.h">
      <Filter>Header Files</Filter>
    </ClInclude>
    <ClInclude Include="..\..\inc\swl\rnd_util\CDHMM.h">
      <Filter>Header Files</Filter>
    </ClInclude>
    <ClInclude Include="..\..\inc\swl\rnd_util\DDHMM.h">
      <Filter>Header Files</Filter>
    </ClInclude>
    <ClInclude Include="..\..\inc\swl\rnd_util\HMM.h">
      <Filter>Header Files</Filter>
    </ClInclude>
    <ClInclude Include="..\..\inc\swl\rnd_util\HmmWithVonMisesFisherMixtureObservations.h">
      <Filter>Header Files</Filter>
    </ClInclude>
    <ClInclude Include="..\..\inc\swl\rnd_util\HmmWithVonMisesFisherObservations.h">
      <Filter>Header Files</Filter>
    </ClInclude>
    <ClInclude Include="..\..\inc\swl\rnd_util\HmmWithVonMisesMixtureObservations.h">
      <Filter>Header Files</Filter>
    </ClInclude>
    <ClInclude Include="..\..\inc\swl\rnd_util\HmmWithVonMisesObservations.h">
      <Filter>Header Files</Filter>
    </ClInclude>
    <ClInclude Include="..\..\inc\swl\rnd_util\HmmWithMultivariateNormalMixtureObservations.h">
      <Filter>Header Files</Filter>
    </ClInclude>
    <ClInclude Include="..\..\inc\swl\rnd_util\HmmWithMultivariateNormalObservations.h">
      <Filter>Header Files</Filter>
    </ClInclude>
    <ClInclude Include="..\..\inc\swl\rnd_util\HmmWithUnivariateNormalMixtureObservations.h">
      <Filter>Header Files</Filter>
    </ClInclude>
    <ClInclude Include="..\..\inc\swl\rnd_util\HmmWithUnivariateNormalObservations.h">
      <Filter>Header Files</Filter>
    </ClInclude>
    <ClInclude Include="..\..\inc\swl\rnd_util\RejectionSampling.h">
      <Filter>Header Files</Filter>
    </ClInclude>
    <ClInclude Include="RndUtilLocalApi.h">
      <Filter>Header Files</Filter>
    </ClInclude>
    <ClInclude Include="..\..\inc\swl\rnd_util\HmmSegmenter.h">
      <Filter>Header Files</Filter>
    </ClInclude>
    <ClInclude Include="..\..\inc\swl\rnd_util\MixtureModel.h">
      <Filter>Header Files</Filter>
    </ClInclude>
    <ClInclude Include="..\..\inc\swl\rnd_util\VonMisesMixtureModel.h">
      <Filter>Header Files</Filter>
    </ClInclude>
    <ClInclude Include="..\..\inc\swl\rnd_util\ContinuousDensityMixtureModel.h">
      <Filter>Header Files</Filter>
    </ClInclude>
    <ClInclude Include="..\..\inc\swl\rnd_util\UnivariateNormalMixtureModel.h">
      <Filter>Header Files</Filter>
    </ClInclude>
    <ClInclude Include="..\..\inc\swl\rnd_util\MultivariateNormalMixtureModel.h">
      <Filter>Header Files</Filter>
    </ClInclude>
    <ClInclude Include="..\..\inc\swl\rnd_util\ArHmmWithUnivariateNormalMixtureObservations.h">
      <Filter>Header Files</Filter>
    </ClInclude>
    <ClInclude Include="..\..\inc\swl\rnd_util\ArHmmWithUnivariateNormalObservations.h">
      <Filter>Header Files</Filter>
    </ClInclude>
    <ClInclude Include="..\..\inc\swl\rnd_util\CDHMMWithMixtureObservations.h">
      <Filter>Header Files</Filter>
    </ClInclude>
    <ClInclude Include="AutoRegression.h">
      <Filter>Header Files</Filter>
    </ClInclude>
    <ClInclude Include="..\..\inc\swl\rnd_util\ArHmmWithMultivariateNormalMixtureObservations.h">
      <Filter>Header Files</Filter>
    </ClInclude>
    <ClInclude Include="..\..\inc\swl\rnd_util\ArHmmWithMultivariateNormalObservations.h">
      <Filter>Header Files</Filter>
    </ClInclude>
  </ItemGroup>
</Project>