<?xml version="1.0" encoding="UTF-8" standalone="yes" ?>
<CodeBlocks_project_file>
	<FileVersion major="1" minor="6" />
	<Project>
		<Option title="swl_rnd_util" />
		<Option pch_mode="2" />
		<Option compiler="gcc" />
		<Build>
			<Target title="Debug">
				<Option output="../../bin/Debug/libswl_rnd_util_d" prefix_auto="1" extension_auto="1" />
				<Option working_dir="../../bin/Debug/" />
				<Option object_output="obj/Debug/" />
				<Option type="3" />
				<Option compiler="gcc" />
				<Option createDefFile="1" />
				<Option createStaticLib="1" />
				<Compiler>
					<Add option="-Wall" />
					<Add option="-g" />
					<Add option="-DBUILD_DLL" />
				</Compiler>
				<Linker>
					<Add library="swl_base_d" />
					<Add directory="../../bin/Debug" />
				</Linker>
			</Target>
			<Target title="Release">
				<Option output="../../bin/Release/libswl_rnd_util" prefix_auto="1" extension_auto="1" />
				<Option working_dir="../../bin/Release/" />
				<Option object_output="obj/Release/" />
				<Option type="3" />
				<Option compiler="gcc" />
				<Option createDefFile="1" />
				<Option createStaticLib="1" />
				<Compiler>
					<Add option="-O2" />
					<Add option="-Wall" />
					<Add option="-DBUILD_DLL" />
				</Compiler>
				<Linker>
					<Add option="-s" />
					<Add library="swl_base" />
					<Add directory="../../bin/Release" />
				</Linker>
			</Target>
		</Build>
		<Compiler>
			<Add option="-fPIC" />
			<Add directory="../../inc" />
			<Add directory="/usr/local/include" />
		</Compiler>
		<Linker>
			<Add library="opencv_imgproc" />
			<Add library="opencv_highgui" />
			<Add library="opencv_core" />
			<Add library="gsl" />
			<Add library="gslcblas" />
			<Add directory="/usr/local/lib" />
		</Linker>
		<Unit filename="../../inc/swl/rnd_util/CDHMM.h" />
		<Unit filename="../../inc/swl/rnd_util/ContinuousDensityMixtureModel.h" />
		<Unit filename="../../inc/swl/rnd_util/ContinuousLinearStochasticSystem.h" />
		<Unit filename="../../inc/swl/rnd_util/ContinuousNonlinearStochasticSystem.h" />
		<Unit filename="../../inc/swl/rnd_util/DDHMM.h" />
		<Unit filename="../../inc/swl/rnd_util/DiscreteLinearStochasticSystem.h" />
		<Unit filename="../../inc/swl/rnd_util/DiscreteNonlinearStochasticSystem.h" />
		<Unit filename="../../inc/swl/rnd_util/ExportRndUtil.h" />
		<Unit filename="../../inc/swl/rnd_util/ExtendedKalmanFilter.h" />
		<Unit filename="../../inc/swl/rnd_util/HMM.h" />
		<Unit filename="../../inc/swl/rnd_util/HistogramAccumulator.h" />
		<Unit filename="../../inc/swl/rnd_util/HistogramMatcher.h" />
		<Unit filename="../../inc/swl/rnd_util/HistogramUtil.h" />
		<Unit filename="../../inc/swl/rnd_util/HmmSegmenter.h" />
		<Unit filename="../../inc/swl/rnd_util/HmmWithMixtureObservations.h" />
		<Unit filename="../../inc/swl/rnd_util/HmmWithMultinomialObservations.h" />
		<Unit filename="../../inc/swl/rnd_util/HmmWithMultivariateNormalMixtureObservations.h" />
		<Unit filename="../../inc/swl/rnd_util/HmmWithMultivariateNormalObservations.h" />
		<Unit filename="../../inc/swl/rnd_util/HmmWithUnivariateNormalMixtureObservations.h" />
		<Unit filename="../../inc/swl/rnd_util/HmmWithUnivariateNormalObservations.h" />
		<Unit filename="../../inc/swl/rnd_util/HmmWithVonMisesFisherMixtureObservations.h" />
		<Unit filename="../../inc/swl/rnd_util/HmmWithVonMisesFisherObservations.h" />
		<Unit filename="../../inc/swl/rnd_util/HmmWithVonMisesMixtureObservations.h" />
		<Unit filename="../../inc/swl/rnd_util/HmmWithVonMisesObservations.h" />
		<Unit filename="../../inc/swl/rnd_util/HoughTransform.h" />
		<Unit filename="../../inc/swl/rnd_util/KalmanFilter.h" />
		<Unit filename="../../inc/swl/rnd_util/MetropolisHastingsAlgorithm.h" />
		<Unit filename="../../inc/swl/rnd_util/MixtureModel.h" />
		<Unit filename="../../inc/swl/rnd_util/Ransac.h" />
		<Unit filename="../../inc/swl/rnd_util/RejectionSampling.h" />
		<Unit filename="../../inc/swl/rnd_util/SamplingImportanceResampling.h" />
		<Unit filename="../../inc/swl/rnd_util/Sort.h" />
		<Unit filename="../../inc/swl/rnd_util/UnivariateNormalMixtureModel.h" />
		<Unit filename="../../inc/swl/rnd_util/UnscentedKalmanFilter.h" />
		<Unit filename="../../inc/swl/rnd_util/UnscentedKalmanFilterWithAdditiveNoise.h" />
		<Unit filename="../../inc/swl/rnd_util/VonMisesMixtureModel.h" />
		<Unit filename="CDHMM.cpp" />
		<Unit filename="ContinuousDensityMixtureModel.cpp" />
		<Unit filename="DDHMM.cpp" />
		<Unit filename="ExtendedKalmanFilter.cpp" />
		<Unit filename="HMM.cpp" />
		<Unit filename="HistogramAccumulator.cpp" />
		<Unit filename="HistogramMatcher.cpp" />
		<Unit filename="HistogramUitl.cpp" />
		<Unit filename="HmmSegmenter.cpp" />
		<Unit filename="HmmWithMixtureObservations.cpp" />
		<Unit filename="HmmWithMultinomialObservations.cpp" />
		<Unit filename="HmmWithMultivariateNormalMixtureObservations.cpp" />
		<Unit filename="HmmWithMultivariateNormalObservations.cpp" />
		<Unit filename="HmmWithUnivariateNormalMixtureObservations.cpp" />
		<Unit filename="HmmWithUnivariateNormalObservations.cpp" />
		<Unit filename="HmmWithVonMisesFisherMixtureObservations.cpp" />
		<Unit filename="HmmWithVonMisesFisherObservations.cpp" />
		<Unit filename="HmmWithVonMisesMixtureObservations.cpp" />
		<Unit filename="HmmWithVonMisesObservations.cpp" />
		<Unit filename="HoughTransform.cpp" />
		<Unit filename="KalmanFilter.cpp" />
		<Unit filename="MetropolisHastingsAlgorithm.cpp" />
		<Unit filename="MixtureModel.cpp" />
		<Unit filename="Ransac.cpp" />
		<Unit filename="RejectionSampling.cpp" />
		<Unit filename="RndUtilLocalApi.cpp" />
		<Unit filename="RndUtilLocalApi.h" />
		<Unit filename="SamplingImportanceResampling.cpp" />
		<Unit filename="UnivariateNormalMixtureModel.cpp" />
		<Unit filename="UnscentedKalmanFilter.cpp" />
		<Unit filename="UnscentedKalmanFilterWithAdditiveNoise.cpp" />
		<Unit filename="VonMisesMixtureModel.cpp" />
		<Extensions>
			<code_completion />
			<debugger />
		</Extensions>
	</Project>
</CodeBlocks_project_file>
