<?xml version="1.0" encoding="utf-8"?>
<Project ToolsVersion="4.0" xmlns="http://schemas.microsoft.com/developer/msbuild/2003">
  <ItemGroup>
    <Filter Include="Source Files">
      <UniqueIdentifier>{4FC737F1-C7A5-4376-A066-2A32D752A2FF}</UniqueIdentifier>
      <Extensions>cpp;c;cc;cxx;def;odl;idl;hpj;bat;asm;asmx</Extensions>
    </Filter>
    <Filter Include="Header Files">
      <UniqueIdentifier>{93995380-89BD-4b04-88EB-625FBE52EBFB}</UniqueIdentifier>
      <Extensions>h;hpp;hxx;hm;inl;inc;xsd</Extensions>
    </Filter>
    <Filter Include="Resource Files">
      <UniqueIdentifier>{67DA6AB6-F800-4c08-8B7A-83BB121AAD01}</UniqueIdentifier>
      <Extensions>rc;ico;cur;bmp;dlg;rc2;rct;bin;rgs;gif;jpg;jpeg;jpe;resx;tiff;tif;png;wav</Extensions>
    </Filter>
    <Filter Include="Source Files\testcase">
      <UniqueIdentifier>{9dec0ff5-23e7-425b-8428-b739ea70d493}</UniqueIdentifier>
    </Filter>
    <Filter Include="Source Files\testcase\util">
      <UniqueIdentifier>{9391aaf1-bde5-420f-92f9-7d84e27ab09b}</UniqueIdentifier>
    </Filter>
    <Filter Include="Source Files\testcase\math">
      <UniqueIdentifier>{ff8dfeb5-8322-4af5-bc82-6d6ede7c0f4e}</UniqueIdentifier>
    </Filter>
    <Filter Include="Source Files\testcase\base">
      <UniqueIdentifier>{fb76b6df-0958-4741-aa8b-cd713ccebc94}</UniqueIdentifier>
    </Filter>
    <Filter Include="Source Files\testcase\graphics">
      <UniqueIdentifier>{cb7fef68-1c94-4849-b360-3290bf49674c}</UniqueIdentifier>
    </Filter>
    <Filter Include="Source Files\testcase\kinematics">
      <UniqueIdentifier>{046525b4-f7ac-44d1-aa41-5f20a6e5f4f1}</UniqueIdentifier>
    </Filter>
    <Filter Include="Source Files\testcase\machine_learning">
      <UniqueIdentifier>{b39be530-b648-48e3-a874-e8a3f68c67a1}</UniqueIdentifier>
    </Filter>
    <Filter Include="Source Files\testcase\machine_vision">
      <UniqueIdentifier>{5cb2b9ac-43eb-4ec8-9fc8-3d40797576b3}</UniqueIdentifier>
    </Filter>
    <Filter Include="Source Files\testcase\rnd_util">
      <UniqueIdentifier>{75020d62-a805-4d0e-9d3a-31e1accd0c0b}</UniqueIdentifier>
    </Filter>
    <Filter Include="Source Files\testcase\winutil">
      <UniqueIdentifier>{f098c8e0-7a49-49bd-a52b-c24c27822fa0}</UniqueIdentifier>
    </Filter>
  </ItemGroup>
  <ItemGroup>
    <ClCompile Include="stdafx.cpp">
      <Filter>Source Files</Filter>
    </ClCompile>
    <ClCompile Include="UnitTestMfc.cpp">
      <Filter>Source Files</Filter>
    </ClCompile>
    <ClCompile Include="UnitTestMfcDlg.cpp">
      <Filter>Source Files</Filter>
    </ClCompile>
    <ClCompile Include="..\testcase\util\EchoTcpSocketConnection.cpp">
      <Filter>Source Files\testcase\util</Filter>
    </ClCompile>
    <ClCompile Include="..\testcase\util\EchoTcpSocketServerTest.cpp">
      <Filter>Source Files\testcase\util</Filter>
    </ClCompile>
    <ClCompile Include="..\testcase\util\EchoTcpSocketSession.cpp">
      <Filter>Source Files\testcase\util</Filter>
    </ClCompile>
    <ClCompile Include="..\testcase\util\EchoTcpSocketTest.cpp">
      <Filter>Source Files\testcase\util</Filter>
    </ClCompile>
    <ClCompile Include="..\testcase\util\LineROITest.cpp">
      <Filter>Source Files\testcase\util</Filter>
    </ClCompile>
    <ClCompile Include="..\testcase\util\PolygonROITest.cpp">
      <Filter>Source Files\testcase\util</Filter>
    </ClCompile>
    <ClCompile Include="..\testcase\util\PolylineROITest.cpp">
      <Filter>Source Files\testcase\util</Filter>
    </ClCompile>
    <ClCompile Include="..\testcase\util\RectangleROITest.cpp">
      <Filter>Source Files\testcase\util</Filter>
    </ClCompile>
    <ClCompile Include="..\testcase\util\RegionOfInterestMgrTest.cpp">
      <Filter>Source Files\testcase\util</Filter>
    </ClCompile>
    <ClCompile Include="..\testcase\util\RegionOfInterestTest.cpp">
      <Filter>Source Files\testcase\util</Filter>
    </ClCompile>
    <ClCompile Include="..\testcase\util\ROIWithVariablePointsTest.cpp">
      <Filter>Source Files\testcase\util</Filter>
    </ClCompile>
    <ClCompile Include="..\testcase\math\BaseFieldConversionTest.cpp">
      <Filter>Source Files\testcase\math</Filter>
    </ClCompile>
    <ClCompile Include="..\testcase\math\LineSegmentTest.cpp">
      <Filter>Source Files\testcase\math</Filter>
    </ClCompile>
    <ClCompile Include="..\testcase\math\LineTest.cpp">
      <Filter>Source Files\testcase\math</Filter>
    </ClCompile>
    <ClCompile Include="..\testcase\math\PlaneTest.cpp">
      <Filter>Source Files\testcase\math</Filter>
    </ClCompile>
    <ClCompile Include="..\testcase\math\TriangleTest.cpp">
      <Filter>Source Files\testcase\math</Filter>
    </ClCompile>
    <ClCompile Include="..\testcase\base\LoggerTest.cpp">
      <Filter>Source Files\testcase\base</Filter>
    </ClCompile>
    <ClCompile Include="..\testcase\math\DataNormalizationTest.cpp">
      <Filter>Source Files\testcase\math</Filter>
    </ClCompile>
    <ClCompile Include="..\testcase\math\StatisticTest.cpp">
      <Filter>Source Files\testcase\math</Filter>
    </ClCompile>
  </ItemGroup>
  <ItemGroup>
    <ClInclude Include="Resource.h">
      <Filter>Header Files</Filter>
    </ClInclude>
    <ClInclude Include="stdafx.h">
      <Filter>Header Files</Filter>
    </ClInclude>
    <ClInclude Include="..\UnitTestConfig.h">
      <Filter>Header Files</Filter>
    </ClInclude>
    <ClInclude Include="UnitTestMfc.h">
      <Filter>Header Files</Filter>
    </ClInclude>
    <ClInclude Include="UnitTestMfcDlg.h">
      <Filter>Header Files</Filter>
    </ClInclude>
    <ClInclude Include="..\testcase\util\EchoTcpSocketConnection.h">
      <Filter>Source Files\testcase\util</Filter>
    </ClInclude>
    <ClInclude Include="..\testcase\util\EchoTcpSocketSession.h">
      <Filter>Source Files\testcase\util</Filter>
    </ClInclude>
  </ItemGroup>
  <ItemGroup>
    <None Include="res\UnitTestMfc.ico">
      <Filter>Resource Files</Filter>
    </None>
    <None Include="res\UnitTestMfc.rc2">
      <Filter>Resource Files</Filter>
    </None>
    <None Include="ReadMe.txt" />
  </ItemGroup>
  <ItemGroup>
    <ResourceCompile Include="UnitTestMfc.rc">
      <Filter>Resource Files</Filter>
    </ResourceCompile>
  </ItemGroup>
</Project>