<?xml version="1.0" encoding="UTF-8" standalone="yes" ?>
<CodeBlocks_project_file>
	<FileVersion major="1" minor="6" />
	<Project>
		<Option title="swl_imu_filter_app" />
		<Option pch_mode="2" />
		<Option compiler="gcc" />
		<Build>
			<Target title="Debug">
				<Option output="../../bin/Debug/swl_imu_filter_app_d" prefix_auto="1" extension_auto="1" />
				<Option working_dir="../../bin/Debug/" />
				<Option object_output="obj/Debug/" />
				<Option type="1" />
				<Option compiler="gcc" />
				<Compiler>
					<Add option="-g" />
				</Compiler>
				<Linker>
					<Add directory="../../bin/Debug" />
				</Linker>
			</Target>
			<Target title="Release">
				<Option output="../../bin/Release/swl_imu_filter_app" prefix_auto="1" extension_auto="1" />
				<Option working_dir="../../bin/Release/" />
				<Option object_output="obj/Release/" />
				<Option type="1" />
				<Option compiler="gcc" />
				<Compiler>
					<Add option="-O2" />
				</Compiler>
				<Linker>
					<Add option="-s" />
					<Add directory="../../bin/Release" />
				</Linker>
			</Target>
		</Build>
		<Compiler>
			<Add option="-Wall" />
			<Add option="-fexceptions" />
			<Add directory="../../inc" />
			<Add directory="/home/sangwook/work_center/sw_dev/cpp/hw_interface/inc" />
			<Add directory="/usr/local/include" />
		</Compiler>
		<Linker>
			<Add directory="/usr/local/lib" />
		</Linker>
		<Unit filename="ImuCalibration.cpp" />
		<Unit filename="ImuExtendedKalmanFilterRunner.cpp" />
		<Unit filename="ImuExtendedKalmanFilterRunner.h" />
		<Unit filename="ImuExtendedKalmanFilterWithCalibration.cpp" />
		<Unit filename="ImuKalmanFilter.cpp" />
		<Unit filename="ImuSystem.cpp" />
		<Unit filename="ImuSystem.h" />
		<Unit filename="ImuUnscentedKalmanFilterRunner.cpp" />
		<Unit filename="ImuUnscentedKalmanFilterRunner.h" />
		<Unit filename="ImuUnscentedKalmanFilterWithCalibration.cpp" />
		<Unit filename="main.cpp" />
		<Extensions>
			<code_completion />
			<debugger />
		</Extensions>
	</Project>
</CodeBlocks_project_file>
