<?xml version="1.0" encoding="UTF-8" standalone="yes" ?>
<CodeBlocks_project_file>
	<FileVersion major="1" minor="6" />
	<Project>
		<Option title="swl_kinect_segmentation_app" />
		<Option pch_mode="2" />
		<Option compiler="gcc" />
		<Build>
			<Target title="Debug">
				<Option output="../../bin/Debug/swl_kinect_segmentation_app_d" prefix_auto="1" extension_auto="1" />
				<Option working_dir="../../bin/Debug/" />
				<Option object_output="obj/Debug/" />
				<Option type="1" />
				<Option compiler="gcc" />
				<Compiler>
					<Add option="-g" />
				</Compiler>
				<Linker>
					<Add library="swl_machine_vision_d" />
					<Add directory="../../bin/Debug" />
				</Linker>
			</Target>
			<Target title="Release">
				<Option output="../../bin/Release/swl_kinect_segmentation_app" prefix_auto="1" extension_auto="1" />
				<Option working_dir="../../bin/Release/" />
				<Option object_output="obj/Release/" />
				<Option type="1" />
				<Option compiler="gcc" />
				<Compiler>
					<Add option="-O2" />
				</Compiler>
				<Linker>
					<Add option="-s" />
					<Add library="swl_machine_vision" />
					<Add directory="../../bin/Release" />
				</Linker>
			</Target>
		</Build>
		<Compiler>
			<Add option="-Wall" />
			<Add option="-fexceptions" />
			<Add directory="./efficient_graph_based_image_segmentation_lib" />
			<Add directory="../../inc" />
			<Add directory="/usr/local/cuda/include" />
			<Add directory="/usr/local/include" />
			<Add directory="/usr/local/include/opengm_external/MaxFlow" />
		</Compiler>
		<Linker>
			<Add library="external-library-maxflow" />
			<Add library="opencv_legacy" />
			<Add library="opencv_calib3d" />
			<Add library="opencv_imgproc" />
			<Add library="opencv_highgui" />
			<Add library="opencv_core" />
			<Add library="cudart" />
			<Add library="boost_timer" />
			<Add directory="/usr/local/cuda/lib64" />
			<Add directory="/usr/local/lib" />
		</Linker>
		<Unit filename="DepthGuidedMap.cpp" />
		<Unit filename="DepthGuidedMap.h" />
		<Unit filename="EfficientGraphBasedImageSegmentation.cpp" />
		<Unit filename="SegmentationUsingGrabCut.cpp" />
		<Unit filename="SegmentationUsingGraphCut.cpp" />
		<Unit filename="Util.cpp" />
		<Unit filename="efficient_graph_based_image_segmentation_lib/convolve.h" />
		<Unit filename="efficient_graph_based_image_segmentation_lib/disjoint-set.h" />
		<Unit filename="efficient_graph_based_image_segmentation_lib/filter.h" />
		<Unit filename="efficient_graph_based_image_segmentation_lib/image.h" />
		<Unit filename="efficient_graph_based_image_segmentation_lib/imconv.h" />
		<Unit filename="efficient_graph_based_image_segmentation_lib/imutil.h" />
		<Unit filename="efficient_graph_based_image_segmentation_lib/misc.h" />
		<Unit filename="efficient_graph_based_image_segmentation_lib/pnmfile.h" />
		<Unit filename="efficient_graph_based_image_segmentation_lib/segment-graph.h" />
		<Unit filename="efficient_graph_based_image_segmentation_lib/segment-image.h" />
		<Unit filename="efficient_graph_based_image_segmentation_lib/segment.cpp">
			<Option compile="0" />
			<Option link="0" />
		</Unit>
		<Unit filename="gSLIC.cpp">
			<Option compile="0" />
			<Option link="0" />
		</Unit>
		<Unit filename="main.cpp" />
		<Extensions>
			<code_completion />
			<debugger />
		</Extensions>
	</Project>
</CodeBlocks_project_file>
