<?xml version="1.0" encoding="UTF-8" standalone="yes" ?>
<CodeBlocks_project_file>
	<FileVersion major="1" minor="6" />
	<Project>
		<Option title="swl_base" />
		<Option pch_mode="2" />
		<Option compiler="gcc" />
		<Build>
			<Target title="Debug">
				<Option output="../../lib/swl_base_d" prefix_auto="1" extension_auto="1" />
				<Option working_dir="../../bin/" />
				<Option object_output="obj/Debug/" />
				<Option type="3" />
				<Option compiler="gcc" />
				<Option createDefFile="1" />
				<Option createStaticLib="1" />
				<Compiler>
					<Add option="-Wall" />
					<Add option="-g" />
					<Add option="-DBUILD_DLL" />
				</Compiler>
			</Target>
			<Target title="Release">
				<Option output="../../lib/swl_base" prefix_auto="1" extension_auto="1" />
				<Option working_dir="../../bin/" />
				<Option object_output="obj/Release/" />
				<Option type="3" />
				<Option compiler="gcc" />
				<Option createDefFile="1" />
				<Option createStaticLib="1" />
				<Compiler>
					<Add option="-O2" />
					<Add option="-Wall" />
					<Add option="-DBUILD_DLL" />
				</Compiler>
				<Linker>
					<Add option="-s" />
				</Linker>
			</Target>
		</Build>
		<Compiler>
			<Add option="-fPIC" />
			<Add directory="../../include" />
			<Add directory="/usr/local/include" />
		</Compiler>
		<Linker>
			<Add library="boost_log_setup" />
			<Add library="boost_log" />
			<Add directory="../../lib" />
			<Add directory="/usr/local/lib" />
		</Linker>
		<Unit filename="../../include/swl/base/ExportBase.h" />
		<Unit filename="../../include/swl/base/INotifier.h" />
		<Unit filename="../../include/swl/base/IObserver.h" />
		<Unit filename="../../include/swl/base/IPrintable.h" />
		<Unit filename="../../include/swl/base/IVisitable.h" />
		<Unit filename="../../include/swl/base/Log.h" />
		<Unit filename="../../include/swl/base/LogException.h" />
		<Unit filename="../../include/swl/base/MvcController.h" />
		<Unit filename="../../include/swl/base/MvcModel.h" />
		<Unit filename="../../include/swl/base/MvcModelUpdateController.h" />
		<Unit filename="../../include/swl/base/MvcView.h" />
		<Unit filename="../../include/swl/base/MvcViewUpdateController.h" />
		<Unit filename="../../include/swl/base/Point.h" />
		<Unit filename="../../include/swl/base/Region.h" />
		<Unit filename="../../include/swl/base/ReturnException.h" />
		<Unit filename="../../include/swl/base/Size.h" />
		<Unit filename="../../include/swl/base/String.h" />
		<Unit filename="../../include/swl/base/Tuple.h" />
		<Unit filename="INotifier.cpp" />
		<Unit filename="IObserver.cpp" />
		<Unit filename="Log.cpp" />
		<Unit filename="LogException.cpp" />
		<Unit filename="ReturnException.cpp" />
		<Unit filename="String.cpp" />
		<Extensions>
			<code_completion />
			<debugger />
		</Extensions>
	</Project>
</CodeBlocks_project_file>
