<?xml version="1.0" encoding="utf-8"?>
<Project ToolsVersion="4.0" xmlns="http://schemas.microsoft.com/developer/msbuild/2003">
  <ItemGroup>
    <Filter Include="Header Files">
      <UniqueIdentifier>{01766867-e299-4676-bf0f-cf13e1ad9a78}</UniqueIdentifier>
      <Extensions>h;hpp;hxx;hm;inl;inc;xsd</Extensions>
    </Filter>
    <Filter Include="Source Files">
      <UniqueIdentifier>{35a783a8-3a58-431c-9244-ada772c020b5}</UniqueIdentifier>
      <Extensions>cpp;c;cc;cxx;def;odl;idl;hpj;bat;asm;asmx</Extensions>
    </Filter>
    <Filter Include="Resource Files">
      <UniqueIdentifier>{e1b951f4-997b-4f05-9d11-8afbaa2316bf}</UniqueIdentifier>
      <Extensions>rc;ico;cur;bmp;dlg;rc2;rct;bin;rgs;gif;jpg;jpeg;jpe;resx;tiff;tif;png;wav</Extensions>
    </Filter>
    <Filter Include="Source Files\adisusbz_lib">
      <UniqueIdentifier>{5d6fbf2c-b183-41cd-9d1a-6939f282d6e7}</UniqueIdentifier>
    </Filter>
  </ItemGroup>
  <ItemGroup>
    <ClCompile Include="ImuCalibration.cpp">
      <Filter>Source Files</Filter>
    </ClCompile>
    <ClCompile Include="ImuExtendedKalmanFilterRunner.cpp">
      <Filter>Source Files</Filter>
    </ClCompile>
    <ClCompile Include="ImuExtendedKalmanFilterWithCalibration.cpp">
      <Filter>Source Files</Filter>
    </ClCompile>
    <ClCompile Include="ImuKalmanFilter.cpp">
      <Filter>Source Files</Filter>
    </ClCompile>
    <ClCompile Include="ImuSystem.cpp">
      <Filter>Source Files</Filter>
    </ClCompile>
    <ClCompile Include="ImuUnscentedKalmanFilterRunner.cpp">
      <Filter>Source Files</Filter>
    </ClCompile>
    <ClCompile Include="ImuUnscentedKalmanFilterWithCalibration.cpp">
      <Filter>Source Files</Filter>
    </ClCompile>
    <ClCompile Include="main.cpp">
      <Filter>Source Files</Filter>
    </ClCompile>
    <ClCompile Include="adisusbz_lib\AdisUsbz.cpp">
      <Filter>Source Files\adisusbz_lib</Filter>
    </ClCompile>
  </ItemGroup>
  <ItemGroup>
    <ClInclude Include="ImuExtendedKalmanFilterRunner.h">
      <Filter>Header Files</Filter>
    </ClInclude>
    <ClInclude Include="ImuSystem.h">
      <Filter>Header Files</Filter>
    </ClInclude>
    <ClInclude Include="ImuUnscentedKalmanFilterRunner.h">
      <Filter>Header Files</Filter>
    </ClInclude>
    <ClInclude Include="adisusbz_lib\AdisUsbz.h">
      <Filter>Source Files\adisusbz_lib</Filter>
    </ClInclude>
  </ItemGroup>
</Project>