<?xml version="1.0" encoding="utf-8"?>
<Project ToolsVersion="4.0" xmlns="http://schemas.microsoft.com/developer/msbuild/2003">
  <ItemGroup>
    <Filter Include="Source Files">
      <UniqueIdentifier>{4FC737F1-C7A5-4376-A066-2A32D752A2FF}</UniqueIdentifier>
      <Extensions>cpp;c;cc;cxx;def;odl;idl;hpj;bat;asm;asmx</Extensions>
    </Filter>
    <Filter Include="Header Files">
      <UniqueIdentifier>{93995380-89BD-4b04-88EB-625FBE52EBFB}</UniqueIdentifier>
      <Extensions>h;hpp;hxx;hm;inl;inc;xsd</Extensions>
    </Filter>
    <Filter Include="Resource Files">
      <UniqueIdentifier>{67DA6AB6-F800-4c08-8B7A-83BB121AAD01}</UniqueIdentifier>
      <Extensions>rc;ico;cur;bmp;dlg;rc2;rct;bin;rgs;gif;jpg;jpeg;jpe;resx;tiff;tif;png;wav</Extensions>
    </Filter>
    <Filter Include="Source Files\adisusbz_lib">
      <UniqueIdentifier>{64aa06d8-87f7-403d-b2c6-7c0a426a3fcd}</UniqueIdentifier>
    </Filter>
  </ItemGroup>
  <ItemGroup>
    <ClCompile Include="Adis16350Interface.cpp">
      <Filter>Source Files</Filter>
    </ClCompile>
    <ClCompile Include="DataDefinition.cpp">
      <Filter>Source Files</Filter>
    </ClCompile>
    <ClCompile Include="FileBasedFilteringDialog.cpp">
      <Filter>Source Files</Filter>
    </ClCompile>
    <ClCompile Include="GpsAidedImuFilterDialog.cpp">
      <Filter>Source Files</Filter>
    </ClCompile>
    <ClCompile Include="GpsAidedImuFilterRunner.cpp">
      <Filter>Source Files</Filter>
    </ClCompile>
    <ClCompile Include="GpsAidedImuSystem.cpp">
      <Filter>Source Files</Filter>
    </ClCompile>
    <ClCompile Include="GpsInterface.cpp">
      <Filter>Source Files</Filter>
    </ClCompile>
    <ClCompile Include="stdafx.cpp">
      <Filter>Source Files</Filter>
    </ClCompile>
    <ClCompile Include="swl_gps_aided_imu_filter_app.cpp">
      <Filter>Source Files</Filter>
    </ClCompile>
    <ClCompile Include="swl_gps_aided_imu_filter_appDlg.cpp">
      <Filter>Source Files</Filter>
    </ClCompile>
    <ClCompile Include="adisusbz_lib\AdisUsbz.cpp">
      <Filter>Source Files\adisusbz_lib</Filter>
    </ClCompile>
  </ItemGroup>
  <ItemGroup>
    <ClInclude Include="Adis16350Interface.h">
      <Filter>Header Files</Filter>
    </ClInclude>
    <ClInclude Include="DataDefinition.h">
      <Filter>Header Files</Filter>
    </ClInclude>
    <ClInclude Include="FileBasedFilteringDialog.h">
      <Filter>Header Files</Filter>
    </ClInclude>
    <ClInclude Include="GpsAidedImuFilterDialog.h">
      <Filter>Header Files</Filter>
    </ClInclude>
    <ClInclude Include="GpsAidedImuFilterRunner.h">
      <Filter>Header Files</Filter>
    </ClInclude>
    <ClInclude Include="GpsAidedImuSystem.h">
      <Filter>Header Files</Filter>
    </ClInclude>
    <ClInclude Include="GpsInterface.h">
      <Filter>Header Files</Filter>
    </ClInclude>
    <ClInclude Include="Resource.h">
      <Filter>Header Files</Filter>
    </ClInclude>
    <ClInclude Include="stdafx.h">
      <Filter>Header Files</Filter>
    </ClInclude>
    <ClInclude Include="swl_gps_aided_imu_filter_app.h">
      <Filter>Header Files</Filter>
    </ClInclude>
    <ClInclude Include="swl_gps_aided_imu_filter_appDlg.h">
      <Filter>Header Files</Filter>
    </ClInclude>
    <ClInclude Include="targetver.h">
      <Filter>Header Files</Filter>
    </ClInclude>
    <ClInclude Include="adisusbz_lib\AdisUsbz.h">
      <Filter>Source Files\adisusbz_lib</Filter>
    </ClInclude>
  </ItemGroup>
  <ItemGroup>
    <None Include="res\swl_gps_aided_imu_filter_app.ico">
      <Filter>Resource Files</Filter>
    </None>
    <None Include="res\swl_gps_aided_imu_filter_app.rc2">
      <Filter>Resource Files</Filter>
    </None>
    <None Include="ReadMe.txt" />
  </ItemGroup>
  <ItemGroup>
    <ResourceCompile Include="swl_gps_aided_imu_filter_app.rc">
      <Filter>Resource Files</Filter>
    </ResourceCompile>
  </ItemGroup>
</Project>