<?xml version="1.0" encoding="UTF-8" standalone="yes" ?>
<CodeBlocks_project_file>
	<FileVersion major="1" minor="6" />
	<Project>
		<Option title="swl_math" />
		<Option pch_mode="2" />
		<Option compiler="gcc" />
		<Build>
			<Target title="Debug">
				<Option output="..\..\bin\Debug\swl_math" prefix_auto="1" extension_auto="1" />
				<Option working_dir="..\..\bin\Debug" />
				<Option object_output=".\Debug\" />
				<Option type="3" />
				<Option compiler="gcc" />
				<Option createDefFile="1" />
				<Option createStaticLib="1" />
				<Compiler>
					<Add option="-Wall" />
					<Add option="-DBUILD_DLL" />
					<Add option="-g" />
				</Compiler>
				<Linker>
					<Add library="user32" />
				</Linker>
			</Target>
			<Target title="Release">
				<Option output="..\..\bin\Release\swl_math" prefix_auto="1" extension_auto="1" />
				<Option working_dir="..\..\bin\Release" />
				<Option object_output=".\Release\" />
				<Option type="3" />
				<Option compiler="gcc" />
				<Option createDefFile="1" />
				<Option createStaticLib="1" />
				<Compiler>
					<Add option="-Wall" />
					<Add option="-DBUILD_DLL" />
					<Add option="-O2" />
				</Compiler>
				<Linker>
					<Add option="-s" />
					<Add library="user32" />
				</Linker>
			</Target>
		</Build>
		<Unit filename="..\..\inc\swl\math\Complex.h" />
		<Unit filename="..\..\inc\swl\math\Coordinates.h" />
		<Unit filename="..\..\inc\swl\math\Duplex.h" />
		<Unit filename="..\..\inc\swl\math\ExportMath.h" />
		<Unit filename="..\..\inc\swl\math\GeometryUtil.h" />
		<Unit filename="..\..\inc\swl\math\Line.h" />
		<Unit filename="..\..\inc\swl\math\LineSegment.h" />
		<Unit filename="..\..\inc\swl\math\MathConstant.h" />
		<Unit filename="..\..\inc\swl\math\MathExt.h" />
		<Unit filename="..\..\inc\swl\math\MathUtil.h" />
		<Unit filename="..\..\inc\swl\math\Matrix.h" />
		<Unit filename="..\..\inc\swl\math\Plane.h" />
		<Unit filename="..\..\inc\swl\math\QMatrix.h" />
		<Unit filename="..\..\inc\swl\math\Quaternion.h" />
		<Unit filename="..\..\inc\swl\math\RMatrix.h" />
		<Unit filename="..\..\inc\swl\math\Rational.h" />
		<Unit filename="..\..\inc\swl\math\RootFinder.h" />
		<Unit filename="..\..\inc\swl\math\Rotation.h" />
		<Unit filename="..\..\inc\swl\math\TMatrix.h" />
		<Unit filename="..\..\inc\swl\math\Triangle.h" />
		<Unit filename="..\..\inc\swl\math\Vector.h" />
		<Unit filename="ConvexHull.cpp" />
		<Unit filename="ConvexHull.h" />
		<Unit filename="Coordinates.cpp" />
		<Unit filename="GeometryUtil.cpp" />
		<Unit filename="MathConstant.cpp" />
		<Unit filename="MathExt.cpp" />
		<Unit filename="MathUtil.cpp" />
		<Unit filename="Rational.cpp" />
		<Unit filename="RootFinder.cpp" />
		<Unit filename="Rotation.cpp" />
		<Extensions>
			<code_completion />
			<debugger />
		</Extensions>
	</Project>
</CodeBlocks_project_file>
