<?xml version="1.0" encoding="UTF-8" standalone="yes" ?>
<CodeBlocks_project_file>
	<FileVersion major="1" minor="6" />
	<Project>
		<Option title="swl_kinematics" />
		<Option pch_mode="2" />
		<Option compiler="gcc" />
		<Build>
			<Target title="Debug">
				<Option output="../../bin/libswl_kinematics_d" prefix_auto="1" extension_auto="1" />
				<Option working_dir="../../bin/" />
				<Option object_output="obj/Debug/" />
				<Option type="3" />
				<Option compiler="gcc" />
				<Option createDefFile="1" />
				<Option createStaticLib="1" />
				<Compiler>
					<Add option="-Wall" />
					<Add option="-g" />
					<Add option="-DBUILD_DLL" />
				</Compiler>
				<Linker>
					<Add library="swl_math_d" />
					<Add library="swl_base_d" />
					<Add directory="../../bin" />
				</Linker>
			</Target>
			<Target title="Release">
				<Option output="../../bin/libswl_kinematics" prefix_auto="1" extension_auto="1" />
				<Option working_dir="../../bin/" />
				<Option object_output="obj/Release/" />
				<Option type="3" />
				<Option compiler="gcc" />
				<Option createDefFile="1" />
				<Option createStaticLib="1" />
				<Compiler>
					<Add option="-O2" />
					<Add option="-Wall" />
					<Add option="-DBUILD_DLL" />
				</Compiler>
				<Linker>
					<Add option="-s" />
					<Add library="swl_math" />
					<Add library="swl_base" />
					<Add directory="../../bin" />
				</Linker>
			</Target>
		</Build>
		<Compiler>
			<Add option="-fPIC" />
			<Add directory="../../inc" />
		</Compiler>
		<Unit filename="../../inc/swl/kinematics/ArcPathPlanner.h" />
		<Unit filename="../../inc/swl/kinematics/ArticulatedKinematics.h" />
		<Unit filename="../../inc/swl/kinematics/CartesianKinematics.h" />
		<Unit filename="../../inc/swl/kinematics/CartesianPathPlanner.h" />
		<Unit filename="../../inc/swl/kinematics/CurvePathPlanner.h" />
		<Unit filename="../../inc/swl/kinematics/DHParam.h" />
		<Unit filename="../../inc/swl/kinematics/ExportKinematics.h" />
		<Unit filename="../../inc/swl/kinematics/Joint.h" />
		<Unit filename="../../inc/swl/kinematics/JointParam.h" />
		<Unit filename="../../inc/swl/kinematics/JointPathPlanner.h" />
		<Unit filename="../../inc/swl/kinematics/Kinematics.h" />
		<Unit filename="../../inc/swl/kinematics/LinePathPlanner.h" />
		<Unit filename="../../inc/swl/kinematics/Link.h" />
		<Unit filename="../../inc/swl/kinematics/ParallelogramLinkKinematics.h" />
		<Unit filename="../../inc/swl/kinematics/PathBlender.h" />
		<Unit filename="../../inc/swl/kinematics/PathPlanner.h" />
		<Unit filename="../../inc/swl/kinematics/PumaKinematics.h" />
		<Unit filename="../../inc/swl/kinematics/RobotKinematics.h" />
		<Unit filename="../../inc/swl/kinematics/ScaraKinematics.h" />
		<Unit filename="../../inc/swl/kinematics/ScrewAxis.h" />
		<Unit filename="../../inc/swl/kinematics/StanfordArmKinematics.h" />
		<Unit filename="ArcPathPlanner.cpp" />
		<Unit filename="ArticulatedKinematics.cpp" />
		<Unit filename="CartesianKinematics.cpp" />
		<Unit filename="CartesianPathPlanner.cpp" />
		<Unit filename="CurvePathPlanner.cpp" />
		<Unit filename="DHParam.cpp" />
		<Unit filename="Joint.cpp" />
		<Unit filename="JointParam.cpp" />
		<Unit filename="JointPathPlanner.cpp" />
		<Unit filename="Kinematics.cpp" />
		<Unit filename="LinePathPlanner.cpp" />
		<Unit filename="Link.cpp" />
		<Unit filename="ParallelogramLinkKinematics.cpp" />
		<Unit filename="PathBlender.cpp" />
		<Unit filename="PathPlanner.cpp" />
		<Unit filename="PumaKinematics.cpp" />
		<Unit filename="RobotKinematics.cpp" />
		<Unit filename="ScaraKinematics.cpp" />
		<Unit filename="ScrewAxis.cpp" />
		<Unit filename="StanfordArmKinematics.cpp" />
		<Extensions>
			<code_completion />
			<debugger />
		</Extensions>
	</Project>
</CodeBlocks_project_file>
