<?xml version="1.0" encoding="UTF-8" standalone="yes" ?>
<CodeBlocks_project_file>
	<FileVersion major="1" minor="6" />
	<Project>
		<Option title="swl_graphics" />
		<Option pch_mode="2" />
		<Option compiler="gcc" />
		<Build>
			<Target title="Debug">
				<Option output="../../lib/swl_graphics_d" prefix_auto="1" extension_auto="1" />
				<Option working_dir="../../bin/" />
				<Option object_output="obj/Debug/" />
				<Option type="3" />
				<Option compiler="gcc" />
				<Option createDefFile="1" />
				<Option createStaticLib="1" />
				<Compiler>
					<Add option="-Wall" />
					<Add option="-g" />
					<Add option="-DBUILD_DLL" />
				</Compiler>
				<Linker>
					<Add library="swl_base_d" />
				</Linker>
			</Target>
			<Target title="Release">
				<Option output="../../lib/swl_graphics" prefix_auto="1" extension_auto="1" />
				<Option working_dir="../../bin/" />
				<Option object_output="obj/Release/" />
				<Option type="3" />
				<Option compiler="gcc" />
				<Option createDefFile="1" />
				<Option createStaticLib="1" />
				<Compiler>
					<Add option="-O2" />
					<Add option="-Wall" />
					<Add option="-DBUILD_DLL" />
				</Compiler>
				<Linker>
					<Add option="-s" />
					<Add library="swl_base" />
				</Linker>
			</Target>
		</Build>
		<Compiler>
			<Add option="-fPIC" />
			<Add directory="../../include" />
			<Add directory="/usr/local/include" />
		</Compiler>
		<Linker>
			<Add directory="../../lib" />
			<Add directory="/usr/local/lib" />
		</Linker>
		<Unit filename="../../include/swl/graphics/Appearance.h" />
		<Unit filename="../../include/swl/graphics/AppearanceSceneNode.h" />
		<Unit filename="../../include/swl/graphics/BoundingBox.h" />
		<Unit filename="../../include/swl/graphics/Color.h" />
		<Unit filename="../../include/swl/graphics/CoordinateFrame.h" />
		<Unit filename="../../include/swl/graphics/ExportGraphics.h" />
		<Unit filename="../../include/swl/graphics/Geometry.h" />
		<Unit filename="../../include/swl/graphics/GeometryPoolMgr.h" />
		<Unit filename="../../include/swl/graphics/GeometrySceneNode.h" />
		<Unit filename="../../include/swl/graphics/GraphicsObj.h" />
		<Unit filename="../../include/swl/graphics/IDrawable.h" />
		<Unit filename="../../include/swl/graphics/ISceneVisitor.h" />
		<Unit filename="../../include/swl/graphics/ITransformable.h" />
		<Unit filename="../../include/swl/graphics/ObjectPickerMgr.h" />
		<Unit filename="../../include/swl/graphics/PickableInterface.h" />
		<Unit filename="../../include/swl/graphics/SceneNode.h" />
		<Unit filename="../../include/swl/graphics/Shape.h" />
		<Unit filename="../../include/swl/graphics/ShapeSceneNode.h" />
		<Unit filename="../../include/swl/graphics/TransformSceneNode.h" />
		<Unit filename="Appearance.cpp" />
		<Unit filename="CoordinateFrame.cpp" />
		<Unit filename="Geometry.cpp" />
		<Unit filename="GeometryPoolMgr.cpp" />
		<Unit filename="GraphicsObj.cpp" />
		<Unit filename="ObjectPickerMgr.cpp" />
		<Unit filename="PickableInterface.cpp" />
		<Unit filename="Shape.cpp" />
		<Extensions>
			<code_completion />
			<debugger />
		</Extensions>
	</Project>
</CodeBlocks_project_file>
